github.com/Binject/debug v0.0.0-20230508195519-26db73212a7a h1:4c0nc0krv8eh7gD809n+swLaCuFyHpxdrxwx0ZmHvBw=
github.com/Binject/debug v0.0.0-20230508195519-26db73212a7a/go.mod h1:QzgxDLY/qdKlvnbnb65eqTedhvQPbaSP2NqIbcuKvsQ=
github.com/carved4/go-wincall v1.0.4 h1:qxr/r3gw/SUkOs41E4yfYI/MIzM3MRFYvRtPnYujQuQ=
github.com/carved4/go-wincall v1.0.4/go.mod h1:G1YIp2fkB2lSXE+2YtaucTRe6UIVQc0k57l9AzmI5kc=
